
Microsoft Visual Studio Solution File, Format Version 12.00
# Visual Studio 15
VisualStudioVersion = 15.0.26711.1
MinimumVisualStudioVersion = 10.0.40219.1
Project("{9A19103F-16F7-4668-BE54-9A1E7A4F7556}") = "Dapper.SimpleCRUD.Core", "Dapper.SimpleCRUD.Core\Dapper.SimpleCRUD.Core.csproj", "{714705D1-1AF9-437D-B944-DDACA900801D}"
EndProject
Project("{9A19103F-16F7-4668-BE54-9A1E7A4F7556}") = "Dapper.SimpleCRUD.Core.Tests", "Dapper.SimpleCRUD.Core.Tests\Dapper.SimpleCRUD.Core.Tests.csproj", "{E4D78ACD-4055-4BD3-8987-B51FD994EEBC}"
EndProject
Project("{2150E333-8FDC-42A3-9474-1A3956D46DE8}") = "Solution Items", "Solution Items", "{53817DE1-09BC-47E2-9E63-07C6BAAD4F27}"
	ProjectSection(SolutionItems) = preProject
		History.txt = History.txt
		README.md = README.md
	EndProjectSection
EndProject
Global
	GlobalSection(SolutionConfigurationPlatforms) = preSolution
		Debug|Any CPU = Debug|Any CPU
		Release|Any CPU = Release|Any CPU
	EndGlobalSection
	GlobalSection(ProjectConfigurationPlatforms) = postSolution
		{714705D1-1AF9-437D-B944-DDACA900801D}.Debug|Any CPU.ActiveCfg = Debug|Any CPU
		{714705D1-1AF9-437D-B944-DDACA900801D}.Debug|Any CPU.Build.0 = Debug|Any CPU
		{714705D1-1AF9-437D-B944-DDACA900801D}.Release|Any CPU.ActiveCfg = Release|Any CPU
		{714705D1-1AF9-437D-B944-DDACA900801D}.Release|Any CPU.Build.0 = Release|Any CPU
		{E4D78ACD-4055-4BD3-8987-B51FD994EEBC}.Debug|Any CPU.ActiveCfg = Debug|Any CPU
		{E4D78ACD-4055-4BD3-8987-B51FD994EEBC}.Debug|Any CPU.Build.0 = Debug|Any CPU
		{E4D78ACD-4055-4BD3-8987-B51FD994EEBC}.Release|Any CPU.ActiveCfg = Release|Any CPU
		{E4D78ACD-4055-4BD3-8987-B51FD994EEBC}.Release|Any CPU.Build.0 = Release|Any CPU
	EndGlobalSection
	GlobalSection(SolutionProperties) = preSolution
		HideSolutionNode = FALSE
	EndGlobalSection
	GlobalSection(ExtensibilityGlobals) = postSolution
		SolutionGuid = {64223AA7-B7B0-42DC-BD38-C555A33D9C2D}
	EndGlobalSection
EndGlobal
